
Microsoft Visual Studio Solution File, Format Version 12.00
# Visual Studio 15
VisualStudioVersion = 15.0.27703.2047
MinimumVisualStudioVersion = 10.0.40219.1
Project("{FAE04EC0-301F-11D3-BF4B-00C04F79EFBC}") = "MonoGame in Winform", "Game in Winf\MonoGame in Winform.csproj", "{B86DACF7-4DB0-41A5-B657-0AC3111FD531}"
EndProject
Global
	GlobalSection(SolutionConfigurationPlatforms) = preSolution
		Debug|x86 = Debug|x86
		Release|x86 = Release|x86
	EndGlobalSection
	GlobalSection(ProjectConfigurationPlatforms) = postSolution
		{B86DACF7-4DB0-41A5-B657-0AC3111FD531}.Debug|x86.ActiveCfg = Debug|x86
		{B86DACF7-4DB0-41A5-B657-0AC3111FD531}.Debug|x86.Build.0 = Debug|x86
		{B86DACF7-4DB0-41A5-B657-0AC3111FD531}.Release|x86.ActiveCfg = Release|x86
		{B86DACF7-4DB0-41A5-B657-0AC3111FD531}.Release|x86.Build.0 = Release|x86
	EndGlobalSection
	GlobalSection(SolutionProperties) = preSolution
		HideSolutionNode = FALSE
	EndGlobalSection
	GlobalSection(ExtensibilityGlobals) = postSolution
		SolutionGuid = {AF23AC26-3543-4B50-99F7-25597462D2F6}
	EndGlobalSection
EndGlobal
